// !$*UTF8*$!
{
	archiveVersion = 1;
	classes = {
	};
	objectVersion = 46;
	objects = {

/* Begin PBXBuildFile section */
		E4229AA01F85236100661D00 /* TextAPI.swift in Sources */ = {isa = PBXBuildFile; fileRef = E4229A9F1F85236100661D00 /* TextAPI.swift */; };
		E4229AA21F85236D00661D00 /* ImageAPI.swift in Sources */ = {isa = PBXBuildFile; fileRef = E4229AA11F85236D00661D00 /* ImageAPI.swift */; };
		E4229AA41F85237700661D00 /* ScreenAPI.swift in Sources */ = {isa = PBXBuildFile; fileRef = E4229AA31F85237700661D00 /* ScreenAPI.swift */; };
		E46439D61F6AFA05009C2641 /* PageSwipeViewController.swift in Sources */ = {isa = PBXBuildFile; fileRef = E46439D51F6AFA05009C2641 /* PageSwipeViewController.swift */; };
		E47DF6071F53DA7100BE10D6 /* Image.swift in Sources */ = {isa = PBXBuildFile; fileRef = E47DF6061F53DA7100BE10D6 /* Image.swift */; };
		E491FBD51F5746B10062044D /* MainViewController.swift in Sources */ = {isa = PBXBuildFile; fileRef = E491FBD41F5746B10062044D /* MainViewController.swift */; };
		E491FBD71F587D670062044D /* Screen.swift in Sources */ = {isa = PBXBuildFile; fileRef = E491FBD61F587D670062044D /* Screen.swift */; };
		E491FBDC1F5B10070062044D /* ConstraintDataObject.swift in Sources */ = {isa = PBXBuildFile; fileRef = E491FBDB1F5B10070062044D /* ConstraintDataObject.swift */; };
		E491FBDD1F5B10070062044D /* ConstraintDataObject.swift in Sources */ = {isa = PBXBuildFile; fileRef = E491FBDB1F5B10070062044D /* ConstraintDataObject.swift */; };
		E4B593471F773DE200E7178D /* LeftViewController.swift in Sources */ = {isa = PBXBuildFile; fileRef = E4B593461F773DE200E7178D /* LeftViewController.swift */; };
		E4B593491F773E4300E7178D /* AppToolbarController.swift in Sources */ = {isa = PBXBuildFile; fileRef = E4B593481F773E4300E7178D /* AppToolbarController.swift */; };
		E4B593501F773F7700E7178D /* Material.framework in Frameworks */ = {isa = PBXBuildFile; fileRef = E4B5934F1F773F3500E7178D /* Material.framework */; };
		E4B593521F77419000E7178D /* TransitionedViewController.swift in Sources */ = {isa = PBXBuildFile; fileRef = E4B593511F77419000E7178D /* TransitionedViewController.swift */; };
		E4B593541F797AF000E7178D /* NavigationDrawerTableViewController.swift in Sources */ = {isa = PBXBuildFile; fileRef = E4B593531F797AF000E7178D /* NavigationDrawerTableViewController.swift */; };
		E4B593561F797F0B00E7178D /* ScreenTableViewCell.swift in Sources */ = {isa = PBXBuildFile; fileRef = E4B593551F797F0B00E7178D /* ScreenTableViewCell.swift */; };
		E4B593591F7AAAB000E7178D /* NavDrawerRootViewController.swift in Sources */ = {isa = PBXBuildFile; fileRef = E4B593581F7AAAB000E7178D /* NavDrawerRootViewController.swift */; };
		E4B593651F7B209000E7178D /* RootAppToolbarController.swift in Sources */ = {isa = PBXBuildFile; fileRef = E4B593641F7B209000E7178D /* RootAppToolbarController.swift */; };
		E4B593791F7B282400E7178D /* TabNavViewController.swift in Sources */ = {isa = PBXBuildFile; fileRef = E4B593781F7B282400E7178D /* TabNavViewController.swift */; };
		E4B7E2F61F5205A9003C46A3 /* DataObjectProtocol.swift in Sources */ = {isa = PBXBuildFile; fileRef = E4B7E2F51F5205A9003C46A3 /* DataObjectProtocol.swift */; };
		E4C65D3F1F646338007F8831 /* NemeanDatabase.sqlite3 in Resources */ = {isa = PBXBuildFile; fileRef = E4C65D3E1F646338007F8831 /* NemeanDatabase.sqlite3 */; };
		E4CC58BB1F4CAC4D000A3844 /* AppDataDataObject.swift in Sources */ = {isa = PBXBuildFile; fileRef = E4CC58BA1F4CAC4D000A3844 /* AppDataDataObject.swift */; };
		E4CC58BD1F4CB12D000A3844 /* ImageDataObject.swift in Sources */ = {isa = PBXBuildFile; fileRef = E4CC58BC1F4CB12D000A3844 /* ImageDataObject.swift */; };
		E4CC58BF1F4CB321000A3844 /* TextfieldDataObject.swift in Sources */ = {isa = PBXBuildFile; fileRef = E4CC58BE1F4CB321000A3844 /* TextfieldDataObject.swift */; };
		E4CC58C11F4CB383000A3844 /* ScreenDataObject.swift in Sources */ = {isa = PBXBuildFile; fileRef = E4CC58C01F4CB383000A3844 /* ScreenDataObject.swift */; };
		E4E57E981F60823200AA35C9 /* Kingfisher.framework in Copy Frameworks */ = {isa = PBXBuildFile; fileRef = E4E57E7E1F60812700AA35C9 /* Kingfisher.framework */; settings = {ATTRIBUTES = (CodeSignOnCopy, RemoveHeadersOnCopy, ); }; };
		E4F9394E1F4C90790000B37F /* AppDelegate.swift in Sources */ = {isa = PBXBuildFile; fileRef = E4F9394D1F4C90790000B37F /* AppDelegate.swift */; };
		E4F939501F4C90790000B37F /* ViewController.swift in Sources */ = {isa = PBXBuildFile; fileRef = E4F9394F1F4C90790000B37F /* ViewController.swift */; };
		E4F939531F4C90790000B37F /* Main.storyboard in Resources */ = {isa = PBXBuildFile; fileRef = E4F939511F4C90790000B37F /* Main.storyboard */; };
		E4F939551F4C90790000B37F /* Assets.xcassets in Resources */ = {isa = PBXBuildFile; fileRef = E4F939541F4C90790000B37F /* Assets.xcassets */; };
		E4F939581F4C90790000B37F /* LaunchScreen.storyboard in Resources */ = {isa = PBXBuildFile; fileRef = E4F939561F4C90790000B37F /* LaunchScreen.storyboard */; };
		E4F939631F4C907A0000B37F /* Nemean_AlphaTests.swift in Sources */ = {isa = PBXBuildFile; fileRef = E4F939621F4C907A0000B37F /* Nemean_AlphaTests.swift */; };
		E4F939861F4C92E90000B37F /* SQLite.framework in Frameworks */ = {isa = PBXBuildFile; fileRef = E4F939781F4C927A0000B37F /* SQLite.framework */; };
		E4F939871F4C92E90000B37F /* SQLite.framework in Embed Frameworks (1 item) */ = {isa = PBXBuildFile; fileRef = E4F939781F4C927A0000B37F /* SQLite.framework */; settings = {ATTRIBUTES = (CodeSignOnCopy, RemoveHeadersOnCopy, ); }; };
		E4F9398D1F4C93870000B37F /* NemeanDatabase.swift in Sources */ = {isa = PBXBuildFile; fileRef = E4F9398C1F4C93870000B37F /* NemeanDatabase.swift */; };
/* End PBXBuildFile section */

/* Begin PBXContainerItemProxy section */
		E4B5934E1F773F3500E7178D /* PBXContainerItemProxy */ = {
			isa = PBXContainerItemProxy;
			containerPortal = E4B5934A1F773F3500E7178D /* Material.xcodeproj */;
			proxyType = 2;
			remoteGlobalIDString = 963832361B88DFD80015F710;
			remoteInfo = Material;
		};
		E4E57E7B1F60812700AA35C9 /* PBXContainerItemProxy */ = {
			isa = PBXContainerItemProxy;
			containerPortal = E4E57E6C1F60812700AA35C9 /* Kingfisher.xcodeproj */;
			proxyType = 2;
			remoteGlobalIDString = D1ED2D351AD2D09F00CFC3EB;
			remoteInfo = "Kingfisher-iOS";
		};
		E4E57E7D1F60812700AA35C9 /* PBXContainerItemProxy */ = {
			isa = PBXContainerItemProxy;
			containerPortal = E4E57E6C1F60812700AA35C9 /* Kingfisher.xcodeproj */;
			proxyType = 2;
			remoteGlobalIDString = D13F49D61BEDA67C00CE335D;
			remoteInfo = "Kingfisher-tvOS";
		};
		E4E57E7F1F60812700AA35C9 /* PBXContainerItemProxy */ = {
			isa = PBXContainerItemProxy;
			containerPortal = E4E57E6C1F60812700AA35C9 /* Kingfisher.xcodeproj */;
			proxyType = 2;
			remoteGlobalIDString = 4B2944481C3D01B20088C3E7;
			remoteInfo = "Kingfisher-macOS";
		};
		E4E57E811F60812700AA35C9 /* PBXContainerItemProxy */ = {
			isa = PBXContainerItemProxy;
			containerPortal = E4E57E6C1F60812700AA35C9 /* Kingfisher.xcodeproj */;
			proxyType = 2;
			remoteGlobalIDString = D16799EB1C4E74460020FD12;
			remoteInfo = "Kingfisher-watchOS";
		};
		E4E57E831F60812700AA35C9 /* PBXContainerItemProxy */ = {
			isa = PBXContainerItemProxy;
			containerPortal = E4E57E6C1F60812700AA35C9 /* Kingfisher.xcodeproj */;
			proxyType = 2;
			remoteGlobalIDString = D1ED2D0B1AD2CFA600CFC3EB;
			remoteInfo = "Kingfisher-Demo";
		};
		E4E57E851F60812700AA35C9 /* PBXContainerItemProxy */ = {
			isa = PBXContainerItemProxy;
			containerPortal = E4E57E6C1F60812700AA35C9 /* Kingfisher.xcodeproj */;
			proxyType = 2;
			remoteGlobalIDString = D13F49C21BEDA53F00CE335D;
			remoteInfo = "Kingfisher-tvOS-Demo";
		};
		E4E57E871F60812700AA35C9 /* PBXContainerItemProxy */ = {
			isa = PBXContainerItemProxy;
			containerPortal = E4E57E6C1F60812700AA35C9 /* Kingfisher.xcodeproj */;
			proxyType = 2;
			remoteGlobalIDString = 4B2944551C3D03880088C3E7;
			remoteInfo = "Kingfisher-macOS-Demo";
		};
		E4E57E891F60812700AA35C9 /* PBXContainerItemProxy */ = {
			isa = PBXContainerItemProxy;
			containerPortal = E4E57E6C1F60812700AA35C9 /* Kingfisher.xcodeproj */;
			proxyType = 2;
			remoteGlobalIDString = D1679A391C4E78B20020FD12;
			remoteInfo = "Kingfisher-watchOS-Demo";
		};
		E4E57E8B1F60812700AA35C9 /* PBXContainerItemProxy */ = {
			isa = PBXContainerItemProxy;
			containerPortal = E4E57E6C1F60812700AA35C9 /* Kingfisher.xcodeproj */;
			proxyType = 2;
			remoteGlobalIDString = D1679A451C4E78B20020FD12;
			remoteInfo = "Kingfisher-watchOS-Demo Extension";
		};
		E4E57E8D1F60812700AA35C9 /* PBXContainerItemProxy */ = {
			isa = PBXContainerItemProxy;
			containerPortal = E4E57E6C1F60812700AA35C9 /* Kingfisher.xcodeproj */;
			proxyType = 2;
			remoteGlobalIDString = D1ED2D3F1AD2D09F00CFC3EB;
			remoteInfo = KingfisherTests;
		};
		E4E57E8F1F60812700AA35C9 /* PBXContainerItemProxy */ = {
			isa = PBXContainerItemProxy;
			containerPortal = E4E57E6C1F60812700AA35C9 /* Kingfisher.xcodeproj */;
			proxyType = 2;
			remoteGlobalIDString = 4B37667F1C478F940001443F;
			remoteInfo = "KingfisherTests-tvOS";
		};
		E4E57E911F60812700AA35C9 /* PBXContainerItemProxy */ = {
			isa = PBXContainerItemProxy;
			containerPortal = E4E57E6C1F60812700AA35C9 /* Kingfisher.xcodeproj */;
			proxyType = 2;
			remoteGlobalIDString = D10EC2311C3D632300A4211C;
			remoteInfo = "KingfisherTests-macOS";
		};
		E4E57E931F60816B00AA35C9 /* PBXContainerItemProxy */ = {
			isa = PBXContainerItemProxy;
			containerPortal = E4E57E6C1F60812700AA35C9 /* Kingfisher.xcodeproj */;
			proxyType = 1;
			remoteGlobalIDString = D1ED2D341AD2D09F00CFC3EB;
			remoteInfo = "Kingfisher-iOS";
		};
		E4F9395F1F4C90790000B37F /* PBXContainerItemProxy */ = {
			isa = PBXContainerItemProxy;
			containerPortal = E4F939421F4C90790000B37F /* Project object */;
			proxyType = 1;
			remoteGlobalIDString = E4F939491F4C90790000B37F;
			remoteInfo = "Nemean Alpha";
		};
		E4F939771F4C927A0000B37F /* PBXContainerItemProxy */ = {
			isa = PBXContainerItemProxy;
			containerPortal = E4F9396D1F4C927A0000B37F /* SQLite.xcodeproj */;
			proxyType = 2;
			remoteGlobalIDString = EE247AD31C3F04ED00AE3E12;
			remoteInfo = "SQLite iOS";
		};
		E4F939791F4C927A0000B37F /* PBXContainerItemProxy */ = {
			isa = PBXContainerItemProxy;
			containerPortal = E4F9396D1F4C927A0000B37F /* SQLite.xcodeproj */;
			proxyType = 2;
			remoteGlobalIDString = EE247ADD1C3F04ED00AE3E12;
			remoteInfo = "SQLiteTests iOS";
		};
		E4F9397B1F4C927A0000B37F /* PBXContainerItemProxy */ = {
			isa = PBXContainerItemProxy;
			containerPortal = E4F9396D1F4C927A0000B37F /* SQLite.xcodeproj */;
			proxyType = 2;
			remoteGlobalIDString = EE247B3C1C3F3ED000AE3E12;
			remoteInfo = "SQLite Mac";
		};
		E4F9397D1F4C927A0000B37F /* PBXContainerItemProxy */ = {
			isa = PBXContainerItemProxy;
			containerPortal = E4F9396D1F4C927A0000B37F /* SQLite.xcodeproj */;
			proxyType = 2;
			remoteGlobalIDString = EE247B451C3F3ED000AE3E12;
			remoteInfo = "SQLiteTests Mac";
		};
		E4F9397F1F4C927A0000B37F /* PBXContainerItemProxy */ = {
			isa = PBXContainerItemProxy;
			containerPortal = E4F9396D1F4C927A0000B37F /* SQLite.xcodeproj */;
			proxyType = 2;
			remoteGlobalIDString = 03A65E5A1C6BB0F50062603F;
			remoteInfo = "SQLite tvOS";
		};
		E4F939811F4C927A0000B37F /* PBXContainerItemProxy */ = {
			isa = PBXContainerItemProxy;
			containerPortal = E4F9396D1F4C927A0000B37F /* SQLite.xcodeproj */;
			proxyType = 2;
			remoteGlobalIDString = 03A65E631C6BB0F60062603F;
			remoteInfo = "SQLiteTests tvOS";
		};
		E4F939831F4C927A0000B37F /* PBXContainerItemProxy */ = {
			isa = PBXContainerItemProxy;
			containerPortal = E4F9396D1F4C927A0000B37F /* SQLite.xcodeproj */;
			proxyType = 2;
			remoteGlobalIDString = A121AC451CA35C79005A31D1;
			remoteInfo = "SQLite watchOS";
		};
		E4F939881F4C92E90000B37F /* PBXContainerItemProxy */ = {
			isa = PBXContainerItemProxy;
			containerPortal = E4F9396D1F4C927A0000B37F /* SQLite.xcodeproj */;
			proxyType = 1;
			remoteGlobalIDString = EE247AD21C3F04ED00AE3E12;
			remoteInfo = "SQLite iOS";
		};
/* End PBXContainerItemProxy section */

/* Begin PBXCopyFilesBuildPhase section */
		E4E57E951F60818400AA35C9 /* Copy Frameworks */ = {
			isa = PBXCopyFilesBuildPhase;
			buildActionMask = 2147483647;
			dstPath = "";
			dstSubfolderSpec = 10;
			files = (
				E4E57E981F60823200AA35C9 /* Kingfisher.framework in Copy Frameworks */,
			);
			name = "Copy Frameworks";
			runOnlyForDeploymentPostprocessing = 0;
		};
		E4F9398A1F4C92E90000B37F /* Embed Frameworks (1 item) */ = {
			isa = PBXCopyFilesBuildPhase;
			buildActionMask = 2147483647;
			dstPath = "";
			dstSubfolderSpec = 10;
			files = (
				E4F939871F4C92E90000B37F /* SQLite.framework in Embed Frameworks (1 item) */,
			);
			name = "Embed Frameworks (1 item)";
			runOnlyForDeploymentPostprocessing = 0;
		};
/* End PBXCopyFilesBuildPhase section */

/* Begin PBXFileReference section */
		E4229A9F1F85236100661D00 /* TextAPI.swift */ = {isa = PBXFileReference; fileEncoding = 4; lastKnownFileType = sourcecode.swift; path = TextAPI.swift; sourceTree = "<group>"; };
		E4229AA11F85236D00661D00 /* ImageAPI.swift */ = {isa = PBXFileReference; fileEncoding = 4; lastKnownFileType = sourcecode.swift; path = ImageAPI.swift; sourceTree = "<group>"; };
		E4229AA31F85237700661D00 /* ScreenAPI.swift */ = {isa = PBXFileReference; fileEncoding = 4; lastKnownFileType = sourcecode.swift; path = ScreenAPI.swift; sourceTree = "<group>"; };
		E46439D51F6AFA05009C2641 /* PageSwipeViewController.swift */ = {isa = PBXFileReference; fileEncoding = 4; lastKnownFileType = sourcecode.swift; path = PageSwipeViewController.swift; sourceTree = "<group>"; };
		E47DF6061F53DA7100BE10D6 /* Image.swift */ = {isa = PBXFileReference; fileEncoding = 4; lastKnownFileType = sourcecode.swift; path = Image.swift; sourceTree = "<group>"; };
		E491FBD41F5746B10062044D /* MainViewController.swift */ = {isa = PBXFileReference; fileEncoding = 4; lastKnownFileType = sourcecode.swift; path = MainViewController.swift; sourceTree = "<group>"; };
		E491FBD61F587D670062044D /* Screen.swift */ = {isa = PBXFileReference; fileEncoding = 4; lastKnownFileType = sourcecode.swift; path = Screen.swift; sourceTree = "<group>"; };
		E491FBDB1F5B10070062044D /* ConstraintDataObject.swift */ = {isa = PBXFileReference; fileEncoding = 4; lastKnownFileType = sourcecode.swift; path = ConstraintDataObject.swift; sourceTree = "<group>"; };
		E4B593461F773DE200E7178D /* LeftViewController.swift */ = {isa = PBXFileReference; fileEncoding = 4; lastKnownFileType = sourcecode.swift; path = LeftViewController.swift; sourceTree = "<group>"; };
		E4B593481F773E4300E7178D /* AppToolbarController.swift */ = {isa = PBXFileReference; fileEncoding = 4; lastKnownFileType = sourcecode.swift; path = AppToolbarController.swift; sourceTree = "<group>"; };
		E4B5934A1F773F3500E7178D /* Material.xcodeproj */ = {isa = PBXFileReference; lastKnownFileType = "wrapper.pb-project"; name = Material.xcodeproj; path = "../../../Downloads/Material-master/Material.xcodeproj"; sourceTree = "<group>"; };
		E4B593511F77419000E7178D /* TransitionedViewController.swift */ = {isa = PBXFileReference; fileEncoding = 4; lastKnownFileType = sourcecode.swift; path = TransitionedViewController.swift; sourceTree = "<group>"; };
		E4B593531F797AF000E7178D /* NavigationDrawerTableViewController.swift */ = {isa = PBXFileReference; fileEncoding = 4; lastKnownFileType = sourcecode.swift; path = NavigationDrawerTableViewController.swift; sourceTree = "<group>"; };
		E4B593551F797F0B00E7178D /* ScreenTableViewCell.swift */ = {isa = PBXFileReference; fileEncoding = 4; lastKnownFileType = sourcecode.swift; path = ScreenTableViewCell.swift; sourceTree = "<group>"; };
		E4B593581F7AAAB000E7178D /* NavDrawerRootViewController.swift */ = {isa = PBXFileReference; fileEncoding = 4; lastKnownFileType = sourcecode.swift; path = NavDrawerRootViewController.swift; sourceTree = "<group>"; };
		E4B593641F7B209000E7178D /* RootAppToolbarController.swift */ = {isa = PBXFileReference; fileEncoding = 4; lastKnownFileType = sourcecode.swift; path = RootAppToolbarController.swift; sourceTree = "<group>"; };
		E4B593781F7B282400E7178D /* TabNavViewController.swift */ = {isa = PBXFileReference; fileEncoding = 4; lastKnownFileType = sourcecode.swift; path = TabNavViewController.swift; sourceTree = "<group>"; };
		E4B7E2F51F5205A9003C46A3 /* DataObjectProtocol.swift */ = {isa = PBXFileReference; fileEncoding = 4; lastKnownFileType = sourcecode.swift; path = DataObjectProtocol.swift; sourceTree = "<group>"; };
		E4C65D3E1F646338007F8831 /* NemeanDatabase.sqlite3 */ = {isa = PBXFileReference; lastKnownFileType = file; name = NemeanDatabase.sqlite3; path = ../../../Desktop/NemeanDatabase.sqlite3; sourceTree = "<group>"; };
		E4CC58BA1F4CAC4D000A3844 /* AppDataDataObject.swift */ = {isa = PBXFileReference; fileEncoding = 4; lastKnownFileType = sourcecode.swift; path = AppDataDataObject.swift; sourceTree = "<group>"; };
		E4CC58BC1F4CB12D000A3844 /* ImageDataObject.swift */ = {isa = PBXFileReference; fileEncoding = 4; lastKnownFileType = sourcecode.swift; path = ImageDataObject.swift; sourceTree = "<group>"; };
		E4CC58BE1F4CB321000A3844 /* TextfieldDataObject.swift */ = {isa = PBXFileReference; fileEncoding = 4; lastKnownFileType = sourcecode.swift; path = TextfieldDataObject.swift; sourceTree = "<group>"; };
		E4CC58C01F4CB383000A3844 /* ScreenDataObject.swift */ = {isa = PBXFileReference; fileEncoding = 4; lastKnownFileType = sourcecode.swift; path = ScreenDataObject.swift; sourceTree = "<group>"; };
		E4E57E6C1F60812700AA35C9 /* Kingfisher.xcodeproj */ = {isa = PBXFileReference; lastKnownFileType = "wrapper.pb-project"; name = Kingfisher.xcodeproj; path = Kingfisher/Kingfisher.xcodeproj; sourceTree = "<group>"; };
		E4F9394A1F4C90790000B37F /* Nemean Alpha.app */ = {isa = PBXFileReference; explicitFileType = wrapper.application; includeInIndex = 0; path = "Nemean Alpha.app"; sourceTree = BUILT_PRODUCTS_DIR; };
		E4F9394D1F4C90790000B37F /* AppDelegate.swift */ = {isa = PBXFileReference; lastKnownFileType = sourcecode.swift; path = AppDelegate.swift; sourceTree = "<group>"; };
		E4F9394F1F4C90790000B37F /* ViewController.swift */ = {isa = PBXFileReference; lastKnownFileType = sourcecode.swift; path = ViewController.swift; sourceTree = "<group>"; };
		E4F939521F4C90790000B37F /* Base */ = {isa = PBXFileReference; lastKnownFileType = file.storyboard; name = Base; path = Base.lproj/Main.storyboard; sourceTree = "<group>"; };
		E4F939541F4C90790000B37F /* Assets.xcassets */ = {isa = PBXFileReference; lastKnownFileType = folder.assetcatalog; path = Assets.xcassets; sourceTree = "<group>"; };
		E4F939571F4C90790000B37F /* Base */ = {isa = PBXFileReference; lastKnownFileType = file.storyboard; name = Base; path = Base.lproj/LaunchScreen.storyboard; sourceTree = "<group>"; };
		E4F939591F4C90790000B37F /* Info.plist */ = {isa = PBXFileReference; lastKnownFileType = text.plist.xml; path = Info.plist; sourceTree = "<group>"; };
		E4F9395E1F4C90790000B37F /* Nemean AlphaTests.xctest */ = {isa = PBXFileReference; explicitFileType = wrapper.cfbundle; includeInIndex = 0; path = "Nemean AlphaTests.xctest"; sourceTree = BUILT_PRODUCTS_DIR; };
		E4F939621F4C907A0000B37F /* Nemean_AlphaTests.swift */ = {isa = PBXFileReference; lastKnownFileType = sourcecode.swift; path = Nemean_AlphaTests.swift; sourceTree = "<group>"; };
		E4F939641F4C907A0000B37F /* Info.plist */ = {isa = PBXFileReference; lastKnownFileType = text.plist.xml; path = Info.plist; sourceTree = "<group>"; };
		E4F9396D1F4C927A0000B37F /* SQLite.xcodeproj */ = {isa = PBXFileReference; lastKnownFileType = "wrapper.pb-project"; name = SQLite.xcodeproj; path = "../../../Downloads/SQLite-4.swift-master/SQLite.xcodeproj"; sourceTree = "<group>"; };
		E4F9398C1F4C93870000B37F /* NemeanDatabase.swift */ = {isa = PBXFileReference; fileEncoding = 4; lastKnownFileType = sourcecode.swift; path = NemeanDatabase.swift; sourceTree = "<group>"; };
/* End PBXFileReference section */

/* Begin PBXFrameworksBuildPhase section */
		E4F939471F4C90790000B37F /* Frameworks */ = {
			isa = PBXFrameworksBuildPhase;
			buildActionMask = 2147483647;
			files = (
				E4B593501F773F7700E7178D /* Material.framework in Frameworks */,
				E4F939861F4C92E90000B37F /* SQLite.framework in Frameworks */,
			);
			runOnlyForDeploymentPostprocessing = 0;
		};
		E4F9395B1F4C90790000B37F /* Frameworks */ = {
			isa = PBXFrameworksBuildPhase;
			buildActionMask = 2147483647;
			files = (
			);
			runOnlyForDeploymentPostprocessing = 0;
		};
/* End PBXFrameworksBuildPhase section */

/* Begin PBXGroup section */
		E4229A8C1F85233600661D00 /* API stuff */ = {
			isa = PBXGroup;
			children = (
				E4229A9F1F85236100661D00 /* TextAPI.swift */,
				E4229AA11F85236D00661D00 /* ImageAPI.swift */,
				E4229AA31F85237700661D00 /* ScreenAPI.swift */,
			);
			name = "API stuff";
			sourceTree = "<group>";
		};
		E47DF6051F53DA2900BE10D6 /* ViewObjects */ = {
			isa = PBXGroup;
			children = (
				E47DF6061F53DA7100BE10D6 /* Image.swift */,
				E491FBD61F587D670062044D /* Screen.swift */,
			);
			name = ViewObjects;
			sourceTree = "<group>";
		};
		E4B5934B1F773F3500E7178D /* Products */ = {
			isa = PBXGroup;
			children = (
				E4B5934F1F773F3500E7178D /* Material.framework */,
			);
			name = Products;
			sourceTree = "<group>";
		};
		E4B593571F7AA88C00E7178D /* NavigationDrawerViewControllers */ = {
			isa = PBXGroup;
			children = (
				E4B593481F773E4300E7178D /* AppToolbarController.swift */,
				E4B593461F773DE200E7178D /* LeftViewController.swift */,
				E4B593531F797AF000E7178D /* NavigationDrawerTableViewController.swift */,
				E4B593551F797F0B00E7178D /* ScreenTableViewCell.swift */,
				E4B593511F77419000E7178D /* TransitionedViewController.swift */,
				E4B593581F7AAAB000E7178D /* NavDrawerRootViewController.swift */,
			);
			name = NavigationDrawerViewControllers;
			sourceTree = "<group>";
		};
		E4CC58B91F4CAC20000A3844 /* DataObjects */ = {
			isa = PBXGroup;
			children = (
				E4CC58BA1F4CAC4D000A3844 /* AppDataDataObject.swift */,
				E491FBDB1F5B10070062044D /* ConstraintDataObject.swift */,
				E4CC58BC1F4CB12D000A3844 /* ImageDataObject.swift */,
				E4CC58BE1F4CB321000A3844 /* TextfieldDataObject.swift */,
				E4CC58C01F4CB383000A3844 /* ScreenDataObject.swift */,
				E4B7E2F51F5205A9003C46A3 /* DataObjectProtocol.swift */,
			);
			name = DataObjects;
			sourceTree = "<group>";
		};
		E4E57E6D1F60812700AA35C9 /* Products */ = {
			isa = PBXGroup;
			children = (
				E4E57E7C1F60812700AA35C9 /* Kingfisher.framework */,
				E4E57E7E1F60812700AA35C9 /* Kingfisher.framework */,
				E4E57E801F60812700AA35C9 /* Kingfisher.framework */,
				E4E57E821F60812700AA35C9 /* Kingfisher.framework */,
				E4E57E841F60812700AA35C9 /* Kingfisher-Demo.app */,
				E4E57E861F60812700AA35C9 /* Kingfisher-tvOS-Demo.app */,
				E4E57E881F60812700AA35C9 /* Kingfisher-macOS-Demo.app */,
				E4E57E8A1F60812700AA35C9 /* Kingfisher-watchOS-Demo.app */,
				E4E57E8C1F60812700AA35C9 /* Kingfisher-watchOS-Demo Extension.appex */,
				E4E57E8E1F60812700AA35C9 /* KingfisherTests.xctest */,
				E4E57E901F60812700AA35C9 /* KingfisherTests-tvOS.xctest */,
				E4E57E921F60812700AA35C9 /* KingfisherTests-macOS.xctest */,
			);
			name = Products;
			sourceTree = "<group>";
		};
		E4F939411F4C90790000B37F = {
			isa = PBXGroup;
			children = (
				E4C65D3E1F646338007F8831 /* NemeanDatabase.sqlite3 */,
				E4F9394C1F4C90790000B37F /* Nemean Alpha */,
				E4F939611F4C90790000B37F /* Nemean AlphaTests */,
				E4F9394B1F4C90790000B37F /* Products */,
				E4E57E6C1F60812700AA35C9 /* Kingfisher.xcodeproj */,
				E4B5934A1F773F3500E7178D /* Material.xcodeproj */,
				E4F9396D1F4C927A0000B37F /* SQLite.xcodeproj */,
			);
			sourceTree = "<group>";
		};
		E4F9394B1F4C90790000B37F /* Products */ = {
			isa = PBXGroup;
			children = (
				E4F9394A1F4C90790000B37F /* Nemean Alpha.app */,
				E4F9395E1F4C90790000B37F /* Nemean AlphaTests.xctest */,
			);
			name = Products;
			sourceTree = "<group>";
		};
		E4F9394C1F4C90790000B37F /* Nemean Alpha */ = {
			isa = PBXGroup;
			children = (
				E4229A8C1F85233600661D00 /* API stuff */,
				E4B593571F7AA88C00E7178D /* NavigationDrawerViewControllers */,
				E47DF6051F53DA2900BE10D6 /* ViewObjects */,
				E4CC58B91F4CAC20000A3844 /* DataObjects */,
				E4F9398B1F4C936A0000B37F /* Database */,
				E4F9394D1F4C90790000B37F /* AppDelegate.swift */,
				E4F9394F1F4C90790000B37F /* ViewController.swift */,
				E46439D51F6AFA05009C2641 /* PageSwipeViewController.swift */,
				E491FBD41F5746B10062044D /* MainViewController.swift */,
				E4F939511F4C90790000B37F /* Main.storyboard */,
				E4F939541F4C90790000B37F /* Assets.xcassets */,
				E4F939561F4C90790000B37F /* LaunchScreen.storyboard */,
				E4F939591F4C90790000B37F /* Info.plist */,
				E4B593641F7B209000E7178D /* RootAppToolbarController.swift */,
				E4B593781F7B282400E7178D /* TabNavViewController.swift */,
			);
			path = "Nemean Alpha";
			sourceTree = "<group>";
		};
		E4F939611F4C90790000B37F /* Nemean AlphaTests */ = {
			isa = PBXGroup;
			children = (
				E4F939621F4C907A0000B37F /* Nemean_AlphaTests.swift */,
				E4F939641F4C907A0000B37F /* Info.plist */,
			);
			path = "Nemean AlphaTests";
			sourceTree = "<group>";
		};
		E4F9396E1F4C927A0000B37F /* Products */ = {
			isa = PBXGroup;
			children = (
				E4F939781F4C927A0000B37F /* SQLite.framework */,
				E4F9397A1F4C927A0000B37F /* SQLiteTests iOS.xctest */,
				E4F9397C1F4C927A0000B37F /* SQLite.framework */,
				E4F9397E1F4C927A0000B37F /* SQLiteTests Mac.xctest */,
				E4F939801F4C927A0000B37F /* SQLite.framework */,
				E4F939821F4C927A0000B37F /* SQLiteTests tvOS.xctest */,
				E4F939841F4C927A0000B37F /* SQLite.framework */,
			);
			name = Products;
			sourceTree = "<group>";
		};
		E4F9398B1F4C936A0000B37F /* Database */ = {
			isa = PBXGroup;
			children = (
				E4F9398C1F4C93870000B37F /* NemeanDatabase.swift */,
			);
			name = Database;
			sourceTree = "<group>";
		};
/* End PBXGroup section */

/* Begin PBXNativeTarget section */
		E4F939491F4C90790000B37F /* Nemean Alpha */ = {
			isa = PBXNativeTarget;
			buildConfigurationList = E4F939671F4C907A0000B37F /* Build configuration list for PBXNativeTarget "Nemean Alpha" */;
			buildPhases = (
				E4F939461F4C90790000B37F /* Sources */,
				E4F939471F4C90790000B37F /* Frameworks */,
				E4F939481F4C90790000B37F /* Resources */,
				E4F9398A1F4C92E90000B37F /* Embed Frameworks (1 item) */,
				E4E57E951F60818400AA35C9 /* Copy Frameworks */,
			);
			buildRules = (
			);
			dependencies = (
				E4E57E941F60816B00AA35C9 /* PBXTargetDependency */,
				E4F939891F4C92E90000B37F /* PBXTargetDependency */,
			);
			name = "Nemean Alpha";
			productName = "Nemean Alpha";
			productReference = E4F9394A1F4C90790000B37F /* Nemean Alpha.app */;
			productType = "com.apple.product-type.application";
		};
		E4F9395D1F4C90790000B37F /* Nemean AlphaTests */ = {
			isa = PBXNativeTarget;
			buildConfigurationList = E4F9396A1F4C907A0000B37F /* Build configuration list for PBXNativeTarget "Nemean AlphaTests" */;
			buildPhases = (
				E4F9395A1F4C90790000B37F /* Sources */,
				E4F9395B1F4C90790000B37F /* Frameworks */,
				E4F9395C1F4C90790000B37F /* Resources */,
			);
			buildRules = (
			);
			dependencies = (
				E4F939601F4C90790000B37F /* PBXTargetDependency */,
			);
			name = "Nemean AlphaTests";
			productName = "Nemean AlphaTests";
			productReference = E4F9395E1F4C90790000B37F /* Nemean AlphaTests.xctest */;
			productType = "com.apple.product-type.bundle.unit-test";
		};
/* End PBXNativeTarget section */

/* Begin PBXProject section */
		E4F939421F4C90790000B37F /* Project object */ = {
			isa = PBXProject;
			attributes = {
				LastSwiftUpdateCheck = 0830;
				LastUpgradeCheck = 0830;
				ORGANIZATIONNAME = "Greenr Republic Software Company";
				TargetAttributes = {
					E4F939491F4C90790000B37F = {
						CreatedOnToolsVersion = 8.3.3;
						ProvisioningStyle = Automatic;
					};
					E4F9395D1F4C90790000B37F = {
						CreatedOnToolsVersion = 8.3.3;
						ProvisioningStyle = Automatic;
						TestTargetID = E4F939491F4C90790000B37F;
					};
				};
			};
			buildConfigurationList = E4F939451F4C90790000B37F /* Build configuration list for PBXProject "Nemean Alpha" */;
			compatibilityVersion = "Xcode 3.2";
			developmentRegion = English;
			hasScannedForEncodings = 0;
			knownRegions = (
				en,
				Base,
			);
			mainGroup = E4F939411F4C90790000B37F;
			productRefGroup = E4F9394B1F4C90790000B37F /* Products */;
			projectDirPath = "";
			projectReferences = (
				{
					ProductGroup = E4E57E6D1F60812700AA35C9 /* Products */;
					ProjectRef = E4E57E6C1F60812700AA35C9 /* Kingfisher.xcodeproj */;
				},
				{
					ProductGroup = E4B5934B1F773F3500E7178D /* Products */;
					ProjectRef = E4B5934A1F773F3500E7178D /* Material.xcodeproj */;
				},
				{
					ProductGroup = E4F9396E1F4C927A0000B37F /* Products */;
					ProjectRef = E4F9396D1F4C927A0000B37F /* SQLite.xcodeproj */;
				},
			);
			projectRoot = "";
			targets = (
				E4F939491F4C90790000B37F /* Nemean Alpha */,
				E4F9395D1F4C90790000B37F /* Nemean AlphaTests */,
			);
		};
/* End PBXProject section */

/* Begin PBXReferenceProxy section */
		E4B5934F1F773F3500E7178D /* Material.framework */ = {
			isa = PBXReferenceProxy;
			fileType = wrapper.framework;
			path = Material.framework;
			remoteRef = E4B5934E1F773F3500E7178D /* PBXContainerItemProxy */;
			sourceTree = BUILT_PRODUCTS_DIR;
		};
		E4E57E7C1F60812700AA35C9 /* Kingfisher.framework */ = {
			isa = PBXReferenceProxy;
			fileType = wrapper.framework;
			path = Kingfisher.framework;
			remoteRef = E4E57E7B1F60812700AA35C9 /* PBXContainerItemProxy */;
			sourceTree = BUILT_PRODUCTS_DIR;
		};
		E4E57E7E1F60812700AA35C9 /* Kingfisher.framework */ = {
			isa = PBXReferenceProxy;
			fileType = wrapper.framework;
			path = Kingfisher.framework;
			remoteRef = E4E57E7D1F60812700AA35C9 /* PBXContainerItemProxy */;
			sourceTree = BUILT_PRODUCTS_DIR;
		};
		E4E57E801F60812700AA35C9 /* Kingfisher.framework */ = {
			isa = PBXReferenceProxy;
			fileType = wrapper.framework;
			path = Kingfisher.framework;
			remoteRef = E4E57E7F1F60812700AA35C9 /* PBXContainerItemProxy */;
			sourceTree = BUILT_PRODUCTS_DIR;
		};
		E4E57E821F60812700AA35C9 /* Kingfisher.framework */ = {
			isa = PBXReferenceProxy;
			fileType = wrapper.framework;
			path = Kingfisher.framework;
			remoteRef = E4E57E811F60812700AA35C9 /* PBXContainerItemProxy */;
			sourceTree = BUILT_PRODUCTS_DIR;
		};
		E4E57E841F60812700AA35C9 /* Kingfisher-Demo.app */ = {
			isa = PBXReferenceProxy;
			fileType = wrapper.application;
			path = "Kingfisher-Demo.app";
			remoteRef = E4E57E831F60812700AA35C9 /* PBXContainerItemProxy */;
			sourceTree = BUILT_PRODUCTS_DIR;
		};
		E4E57E861F60812700AA35C9 /* Kingfisher-tvOS-Demo.app */ = {
			isa = PBXReferenceProxy;
			fileType = wrapper.application;
			path = "Kingfisher-tvOS-Demo.app";
			remoteRef = E4E57E851F60812700AA35C9 /* PBXContainerItemProxy */;
			sourceTree = BUILT_PRODUCTS_DIR;
		};
		E4E57E881F60812700AA35C9 /* Kingfisher-macOS-Demo.app */ = {
			isa = PBXReferenceProxy;
			fileType = wrapper.application;
			path = "Kingfisher-macOS-Demo.app";
			remoteRef = E4E57E871F60812700AA35C9 /* PBXContainerItemProxy */;
			sourceTree = BUILT_PRODUCTS_DIR;
		};
		E4E57E8A1F60812700AA35C9 /* Kingfisher-watchOS-Demo.app */ = {
			isa = PBXReferenceProxy;
			fileType = wrapper.application;
			path = "Kingfisher-watchOS-Demo.app";
			remoteRef = E4E57E891F60812700AA35C9 /* PBXContainerItemProxy */;
			sourceTree = BUILT_PRODUCTS_DIR;
		};
		E4E57E8C1F60812700AA35C9 /* Kingfisher-watchOS-Demo Extension.appex */ = {
			isa = PBXReferenceProxy;
			fileType = "wrapper.app-extension";
			path = "Kingfisher-watchOS-Demo Extension.appex";
			remoteRef = E4E57E8B1F60812700AA35C9 /* PBXContainerItemProxy */;
			sourceTree = BUILT_PRODUCTS_DIR;
		};
		E4E57E8E1F60812700AA35C9 /* KingfisherTests.xctest */ = {
			isa = PBXReferenceProxy;
			fileType = wrapper.cfbundle;
			path = KingfisherTests.xctest;
			remoteRef = E4E57E8D1F60812700AA35C9 /* PBXContainerItemProxy */;
			sourceTree = BUILT_PRODUCTS_DIR;
		};
		E4E57E901F60812700AA35C9 /* KingfisherTests-tvOS.xctest */ = {
			isa = PBXReferenceProxy;
			fileType = wrapper.cfbundle;
			path = "KingfisherTests-tvOS.xctest";
			remoteRef = E4E57E8F1F60812700AA35C9 /* PBXContainerItemProxy */;
			sourceTree = BUILT_PRODUCTS_DIR;
		};
		E4E57E921F60812700AA35C9 /* KingfisherTests-macOS.xctest */ = {
			isa = PBXReferenceProxy;
			fileType = wrapper.cfbundle;
			path = "KingfisherTests-macOS.xctest";
			remoteRef = E4E57E911F60812700AA35C9 /* PBXContainerItemProxy */;
			sourceTree = BUILT_PRODUCTS_DIR;
		};
		E4F939781F4C927A0000B37F /* SQLite.framework */ = {
			isa = PBXReferenceProxy;
			fileType = wrapper.framework;
			path = SQLite.framework;
			remoteRef = E4F939771F4C927A0000B37F /* PBXContainerItemProxy */;
			sourceTree = BUILT_PRODUCTS_DIR;
		};
		E4F9397A1F4C927A0000B37F /* SQLiteTests iOS.xctest */ = {
			isa = PBXReferenceProxy;
			fileType = wrapper.cfbundle;
			path = "SQLiteTests iOS.xctest";
			remoteRef = E4F939791F4C927A0000B37F /* PBXContainerItemProxy */;
			sourceTree = BUILT_PRODUCTS_DIR;
		};
		E4F9397C1F4C927A0000B37F /* SQLite.framework */ = {
			isa = PBXReferenceProxy;
			fileType = wrapper.framework;
			path = SQLite.framework;
			remoteRef = E4F9397B1F4C927A0000B37F /* PBXContainerItemProxy */;
			sourceTree = BUILT_PRODUCTS_DIR;
		};
		E4F9397E1F4C927A0000B37F /* SQLiteTests Mac.xctest */ = {
			isa = PBXReferenceProxy;
			fileType = wrapper.cfbundle;
			path = "SQLiteTests Mac.xctest";
			remoteRef = E4F9397D1F4C927A0000B37F /* PBXContainerItemProxy */;
			sourceTree = BUILT_PRODUCTS_DIR;
		};
		E4F939801F4C927A0000B37F /* SQLite.framework */ = {
			isa = PBXReferenceProxy;
			fileType = wrapper.framework;
			path = SQLite.framework;
			remoteRef = E4F9397F1F4C927A0000B37F /* PBXContainerItemProxy */;
			sourceTree = BUILT_PRODUCTS_DIR;
		};
		E4F939821F4C927A0000B37F /* SQLiteTests tvOS.xctest */ = {
			isa = PBXReferenceProxy;
			fileType = wrapper.cfbundle;
			path = "SQLiteTests tvOS.xctest";
			remoteRef = E4F939811F4C927A0000B37F /* PBXContainerItemProxy */;
			sourceTree = BUILT_PRODUCTS_DIR;
		};
		E4F939841F4C927A0000B37F /* SQLite.framework */ = {
			isa = PBXReferenceProxy;
			fileType = wrapper.framework;
			path = SQLite.framework;
			remoteRef = E4F939831F4C927A0000B37F /* PBXContainerItemProxy */;
			sourceTree = BUILT_PRODUCTS_DIR;
		};
/* End PBXReferenceProxy section */

/* Begin PBXResourcesBuildPhase section */
		E4F939481F4C90790000B37F /* Resources */ = {
			isa = PBXResourcesBuildPhase;
			buildActionMask = 2147483647;
			files = (
				E4F939581F4C90790000B37F /* LaunchScreen.storyboard in Resources */,
				E4F939551F4C90790000B37F /* Assets.xcassets in Resources */,
				E4C65D3F1F646338007F8831 /* NemeanDatabase.sqlite3 in Resources */,
				E4F939531F4C90790000B37F /* Main.storyboard in Resources */,
			);
			runOnlyForDeploymentPostprocessing = 0;
		};
		E4F9395C1F4C90790000B37F /* Resources */ = {
			isa = PBXResourcesBuildPhase;
			buildActionMask = 2147483647;
			files = (
			);
			runOnlyForDeploymentPostprocessing = 0;
		};
/* End PBXResourcesBuildPhase section */

/* Begin PBXSourcesBuildPhase section */
		E4F939461F4C90790000B37F /* Sources */ = {
			isa = PBXSourcesBuildPhase;
			buildActionMask = 2147483647;
			files = (
				E4F939501F4C90790000B37F /* ViewController.swift in Sources */,
				E4229AA21F85236D00661D00 /* ImageAPI.swift in Sources */,
				E4B593561F797F0B00E7178D /* ScreenTableViewCell.swift in Sources */,
				E47DF6071F53DA7100BE10D6 /* Image.swift in Sources */,
				E4229AA41F85237700661D00 /* ScreenAPI.swift in Sources */,
				E4B593541F797AF000E7178D /* NavigationDrawerTableViewController.swift in Sources */,
				E4B593591F7AAAB000E7178D /* NavDrawerRootViewController.swift in Sources */,
				E4CC58BD1F4CB12D000A3844 /* ImageDataObject.swift in Sources */,
				E491FBDC1F5B10070062044D /* ConstraintDataObject.swift in Sources */,
				E4229AA01F85236100661D00 /* TextAPI.swift in Sources */,
				E4B593491F773E4300E7178D /* AppToolbarController.swift in Sources */,
				E4CC58C11F4CB383000A3844 /* ScreenDataObject.swift in Sources */,
				E4B593471F773DE200E7178D /* LeftViewController.swift in Sources */,
				E491FBD71F587D670062044D /* Screen.swift in Sources */,
				E4F9394E1F4C90790000B37F /* AppDelegate.swift in Sources */,
				E4CC58BB1F4CAC4D000A3844 /* AppDataDataObject.swift in Sources */,
				E4CC58BF1F4CB321000A3844 /* TextfieldDataObject.swift in Sources */,
				E46439D61F6AFA05009C2641 /* PageSwipeViewController.swift in Sources */,
				E4B593521F77419000E7178D /* TransitionedViewController.swift in Sources */,
				E4B7E2F61F5205A9003C46A3 /* DataObjectProtocol.swift in Sources */,
				E4B593791F7B282400E7178D /* TabNavViewController.swift in Sources */,
				E4B593651F7B209000E7178D /* RootAppToolbarController.swift in Sources */,
				E4F9398D1F4C93870000B37F /* NemeanDatabase.swift in Sources */,
				E491FBD51F5746B10062044D /* MainViewController.swift in Sources */,
			);
			runOnlyForDeploymentPostprocessing = 0;
		};
		E4F9395A1F4C90790000B37F /* Sources */ = {
			isa = PBXSourcesBuildPhase;
			buildActionMask = 2147483647;
			files = (
				E4F939631F4C907A0000B37F /* Nemean_AlphaTests.swift in Sources */,
				E491FBDD1F5B10070062044D /* ConstraintDataObject.swift in Sources */,
			);
			runOnlyForDeploymentPostprocessing = 0;
		};
/* End PBXSourcesBuildPhase section */

/* Begin PBXTargetDependency section */
		E4E57E941F60816B00AA35C9 /* PBXTargetDependency */ = {
			isa = PBXTargetDependency;
			name = "Kingfisher-iOS";
			targetProxy = E4E57E931F60816B00AA35C9 /* PBXContainerItemProxy */;
		};
		E4F939601F4C90790000B37F /* PBXTargetDependency */ = {
			isa = PBXTargetDependency;
			target = E4F939491F4C90790000B37F /* Nemean Alpha */;
			targetProxy = E4F9395F1F4C90790000B37F /* PBXContainerItemProxy */;
		};
		E4F939891F4C92E90000B37F /* PBXTargetDependency */ = {
			isa = PBXTargetDependency;
			name = "SQLite iOS";
			targetProxy = E4F939881F4C92E90000B37F /* PBXContainerItemProxy */;
		};
/* End PBXTargetDependency section */

/* Begin PBXVariantGroup section */
		E4F939511F4C90790000B37F /* Main.storyboard */ = {
			isa = PBXVariantGroup;
			children = (
				E4F939521F4C90790000B37F /* Base */,
			);
			name = Main.storyboard;
			sourceTree = "<group>";
		};
		E4F939561F4C90790000B37F /* LaunchScreen.storyboard */ = {
			isa = PBXVariantGroup;
			children = (
				E4F939571F4C90790000B37F /* Base */,
			);
			name = LaunchScreen.storyboard;
			sourceTree = "<group>";
		};
/* End PBXVariantGroup section */

/* Begin XCBuildConfiguration section */
		E4F939651F4C907A0000B37F /* Debug */ = {
			isa = XCBuildConfiguration;
			buildSettings = {
				ALWAYS_SEARCH_USER_PATHS = NO;
				CLANG_ANALYZER_NONNULL = YES;
				CLANG_ANALYZER_NUMBER_OBJECT_CONVERSION = YES_AGGRESSIVE;
				CLANG_CXX_LANGUAGE_STANDARD = "gnu++0x";
				CLANG_CXX_LIBRARY = "libc++";
				CLANG_ENABLE_MODULES = YES;
				CLANG_ENABLE_OBJC_ARC = YES;
				CLANG_WARN_BOOL_CONVERSION = NO;
				CLANG_WARN_CONSTANT_CONVERSION = NO;
				CLANG_WARN_DIRECT_OBJC_ISA_USAGE = YES_ERROR;
				CLANG_WARN_DOCUMENTATION_COMMENTS = YES;
				CLANG_WARN_EMPTY_BODY = NO;
				CLANG_WARN_ENUM_CONVERSION = YES;
				CLANG_WARN_INFINITE_RECURSION = YES;
				CLANG_WARN_INT_CONVERSION = YES;
				CLANG_WARN_OBJC_ROOT_CLASS = YES_ERROR;
				CLANG_WARN_SUSPICIOUS_MOVE = YES;
				CLANG_WARN_UNREACHABLE_CODE = NO;
				CLANG_WARN__DUPLICATE_METHOD_MATCH = YES;
				"CODE_SIGN_IDENTITY[sdk=iphoneos*]" = "iPhone Developer";
				COPY_PHASE_STRIP = NO;
				DEBUG_INFORMATION_FORMAT = dwarf;
				ENABLE_STRICT_OBJC_MSGSEND = YES;
				ENABLE_TESTABILITY = YES;
				GCC_C_LANGUAGE_STANDARD = gnu99;
				GCC_DYNAMIC_NO_PIC = NO;
				GCC_NO_COMMON_BLOCKS = YES;
				GCC_OPTIMIZATION_LEVEL = 0;
				GCC_PREPROCESSOR_DEFINITIONS = (
					"DEBUG=1",
					"$(inherited)",
				);
				GCC_WARN_64_TO_32_BIT_CONVERSION = YES;
				GCC_WARN_ABOUT_RETURN_TYPE = NO;
				GCC_WARN_UNDECLARED_SELECTOR = YES;
				GCC_WARN_UNINITIALIZED_AUTOS = NO;
				GCC_WARN_UNUSED_FUNCTION = NO;
				GCC_WARN_UNUSED_VARIABLE = NO;
				IPHONEOS_DEPLOYMENT_TARGET = 10.3;
				MTL_ENABLE_DEBUG_INFO = YES;
				ONLY_ACTIVE_ARCH = YES;
				SDKROOT = iphoneos;
				SWIFT_ACTIVE_COMPILATION_CONDITIONS = DEBUG;
				SWIFT_DISABLE_SAFETY_CHECKS = YES;
				SWIFT_OPTIMIZATION_LEVEL = "-Onone";
				SWIFT_SUPPRESS_WARNINGS = YES;
				TARGETED_DEVICE_FAMILY = "1,2";
			};
			name = Debug;
		};
		E4F939661F4C907A0000B37F /* Release */ = {
			isa = XCBuildConfiguration;
			buildSettings = {
				ALWAYS_SEARCH_USER_PATHS = NO;
				CLANG_ANALYZER_NONNULL = YES;
				CLANG_ANALYZER_NUMBER_OBJECT_CONVERSION = YES_AGGRESSIVE;
				CLANG_CXX_LANGUAGE_STANDARD = "gnu++0x";
				CLANG_CXX_LIBRARY = "libc++";
				CLANG_ENABLE_MODULES = YES;
				CLANG_ENABLE_OBJC_ARC = YES;
				CLANG_WARN_BOOL_CONVERSION = NO;
				CLANG_WARN_CONSTANT_CONVERSION = NO;
				CLANG_WARN_DIRECT_OBJC_ISA_USAGE = YES_ERROR;
				CLANG_WARN_DOCUMENTATION_COMMENTS = YES;
				CLANG_WARN_EMPTY_BODY = NO;
				CLANG_WARN_ENUM_CONVERSION = YES;
				CLANG_WARN_INFINITE_RECURSION = YES;
				CLANG_WARN_INT_CONVERSION = YES;
				CLANG_WARN_OBJC_ROOT_CLASS = YES_ERROR;
				CLANG_WARN_SUSPICIOUS_MOVE = YES;
				CLANG_WARN_UNREACHABLE_CODE = NO;
				CLANG_WARN__DUPLICATE_METHOD_MATCH = YES;
				"CODE_SIGN_IDENTITY[sdk=iphoneos*]" = "iPhone Developer";
				COPY_PHASE_STRIP = NO;
				DEBUG_INFORMATION_FORMAT = "dwarf-with-dsym";
				ENABLE_NS_ASSERTIONS = NO;
				ENABLE_STRICT_OBJC_MSGSEND = YES;
				GCC_C_LANGUAGE_STANDARD = gnu99;
				GCC_NO_COMMON_BLOCKS = YES;
				GCC_WARN_64_TO_32_BIT_CONVERSION = YES;
				GCC_WARN_ABOUT_RETURN_TYPE = NO;
				GCC_WARN_UNDECLARED_SELECTOR = YES;
				GCC_WARN_UNINITIALIZED_AUTOS = NO;
				GCC_WARN_UNUSED_FUNCTION = NO;
				GCC_WARN_UNUSED_VARIABLE = NO;
				IPHONEOS_DEPLOYMENT_TARGET = 10.3;
				MTL_ENABLE_DEBUG_INFO = NO;
				SDKROOT = iphoneos;
				SWIFT_DISABLE_SAFETY_CHECKS = YES;
				SWIFT_OPTIMIZATION_LEVEL = "-Owholemodule";
				SWIFT_SUPPRESS_WARNINGS = YES;
				TARGETED_DEVICE_FAMILY = "1,2";
				VALIDATE_PRODUCT = YES;
			};
			name = Release;
		};
		E4F939681F4C907A0000B37F /* Debug */ = {
			isa = XCBuildConfiguration;
			buildSettings = {
				ALWAYS_EMBED_SWIFT_STANDARD_LIBRARIES = YES;
				ASSETCATALOG_COMPILER_APPICON_NAME = AppIcon;
				EMBED_ASSET_PACKS_IN_PRODUCT_BUNDLE = YES;
				ENABLE_ONLY_ACTIVE_RESOURCES = YES;
				INFOPLIST_FILE = "Nemean Alpha/Info.plist";
				LD_RUNPATH_SEARCH_PATHS = "$(inherited) @executable_path/Frameworks";
				PRODUCT_BUNDLE_IDENTIFIER = "com.greenrrepublic.Nemean-Alpha";
				PRODUCT_NAME = "$(TARGET_NAME)";
				SWIFT_VERSION = 3.0;
			};
			name = Debug;
		};
		E4F939691F4C907A0000B37F /* Release */ = {
			isa = XCBuildConfiguration;
			buildSettings = {
				ALWAYS_EMBED_SWIFT_STANDARD_LIBRARIES = YES;
				ASSETCATALOG_COMPILER_APPICON_NAME = AppIcon;
				EMBED_ASSET_PACKS_IN_PRODUCT_BUNDLE = YES;
				ENABLE_ONLY_ACTIVE_RESOURCES = YES;
				INFOPLIST_FILE = "Nemean Alpha/Info.plist";
				LD_RUNPATH_SEARCH_PATHS = "$(inherited) @executable_path/Frameworks";
				PRODUCT_BUNDLE_IDENTIFIER = "com.greenrrepublic.Nemean-Alpha";
				PRODUCT_NAME = "$(TARGET_NAME)";
				SWIFT_VERSION = 3.0;
			};
			name = Release;
		};
		E4F9396B1F4C907A0000B37F /* Debug */ = {
			isa = XCBuildConfiguration;
			buildSettings = {
				ALWAYS_EMBED_SWIFT_STANDARD_LIBRARIES = YES;
				BUNDLE_LOADER = "$(TEST_HOST)";
				INFOPLIST_FILE = "Nemean AlphaTests/Info.plist";
				LD_RUNPATH_SEARCH_PATHS = "$(inherited) @executable_path/Frameworks @loader_path/Frameworks";
				PRODUCT_BUNDLE_IDENTIFIER = "com.greenrrepublic.Nemean-AlphaTests";
				PRODUCT_NAME = "$(TARGET_NAME)";
				SWIFT_VERSION = 3.0;
				TEST_HOST = "$(BUILT_PRODUCTS_DIR)/Nemean Alpha.app/Nemean Alpha";
			};
			name = Debug;
		};
		E4F9396C1F4C907A0000B37F /* Release */ = {
			isa = XCBuildConfiguration;
			buildSettings = {
				ALWAYS_EMBED_SWIFT_STANDARD_LIBRARIES = YES;
				BUNDLE_LOADER = "$(TEST_HOST)";
				INFOPLIST_FILE = "Nemean AlphaTests/Info.plist";
				LD_RUNPATH_SEARCH_PATHS = "$(inherited) @executable_path/Frameworks @loader_path/Frameworks";
				PRODUCT_BUNDLE_IDENTIFIER = "com.greenrrepublic.Nemean-AlphaTests";
				PRODUCT_NAME = "$(TARGET_NAME)";
				SWIFT_VERSION = 3.0;
				TEST_HOST = "$(BUILT_PRODUCTS_DIR)/Nemean Alpha.app/Nemean Alpha";
			};
			name = Release;
		};
/* End XCBuildConfiguration section */

/* Begin XCConfigurationList section */
		E4F939451F4C90790000B37F /* Build configuration list for PBXProject "Nemean Alpha" */ = {
			isa = XCConfigurationList;
			buildConfigurations = (
				E4F939651F4C907A0000B37F /* Debug */,
				E4F939661F4C907A0000B37F /* Release */,
			);
			defaultConfigurationIsVisible = 0;
			defaultConfigurationName = Release;
		};
		E4F939671F4C907A0000B37F /* Build configuration list for PBXNativeTarget "Nemean Alpha" */ = {
			isa = XCConfigurationList;
			buildConfigurations = (
				E4F939681F4C907A0000B37F /* Debug */,
				E4F939691F4C907A0000B37F /* Release */,
			);
			defaultConfigurationIsVisible = 0;
			defaultConfigurationName = Release;
		};
		E4F9396A1F4C907A0000B37F /* Build configuration list for PBXNativeTarget "Nemean AlphaTests" */ = {
			isa = XCConfigurationList;
			buildConfigurations = (
				E4F9396B1F4C907A0000B37F /* Debug */,
				E4F9396C1F4C907A0000B37F /* Release */,
			);
			defaultConfigurationIsVisible = 0;
			defaultConfigurationName = Release;
		};
/* End XCConfigurationList section */
	};
	rootObject = E4F939421F4C90790000B37F /* Project object */;
}
